
Microsoft Visual Studio Solution File, Format Version 12.00
# Visual Studio Version 17
VisualStudioVersion = 17.0.32014.148
MinimumVisualStudioVersion = 10.0.40219.1
Project("{2150E333-8FDC-42A3-9474-1A3956D46DE8}") = "src", "src", "{5960C4DC-3C96-467E-AAE2-8363BDA83D2E}"
EndProject
Project("{2150E333-8FDC-42A3-9474-1A3956D46DE8}") = "tests", "tests", "{DE1031E1-35B1-426D-ADF1-208BA43B75D2}"
EndProject
Project("{2150E333-8FDC-42A3-9474-1A3956D46DE8}") = "API", "API", "{7B095935-C29F-40E6-AF18-F608FAEE708F}"
EndProject
Project("{2150E333-8FDC-42A3-9474-1A3956D46DE8}") = "Core", "Core", "{DE1FFFDC-80B9-4DBE-93E7-CCDBE36CB94A}"
EndProject
Project("{2150E333-8FDC-42A3-9474-1A3956D46DE8}") = "Infrastructure", "Infrastructure", "{BCA88775-1E66-49E1-A12A-12B4216E56B9}"
EndProject
Project("{2150E333-8FDC-42A3-9474-1A3956D46DE8}") = "UI", "UI", "{6CB4F36F-A7DC-41C6-AAB9-0ACEB68C256E}"
EndProject
Project("{9A19103F-16F7-4668-BE54-9A1E7A4F7556}") = "HR.LeaveManagement.Domain", "HRLeaveManagement.Domain\HR.LeaveManagement.Domain.csproj", "{2F3A6B49-9E51-4CB1-90A7-5B52949C3942}"
EndProject
Project("{9A19103F-16F7-4668-BE54-9A1E7A4F7556}") = "HR.LeaveManagement.Application", "HRLeaveManagement.Application\HR.LeaveManagement.Application.csproj", "{27B307CC-BCF5-418C-BFA4-3B3479B31D22}"
EndProject
Project("{9A19103F-16F7-4668-BE54-9A1E7A4F7556}") = "HR.LeaveManagement.Infrastructure", "HR.LeaveManagement.Infrastructure\HR.LeaveManagement.Infrastructure.csproj", "{A3A64417-F97F-469D-8FF9-25E08235FABE}"
EndProject
Project("{9A19103F-16F7-4668-BE54-9A1E7A4F7556}") = "HR.LeaveManagement.Persistance", "HR.LeaveManagement.Persistance\HR.LeaveManagement.Persistance.csproj", "{64F8656B-1B2A-47C2-A954-D992809AC090}"
EndProject
Project("{9A19103F-16F7-4668-BE54-9A1E7A4F7556}") = "HR.LeaveManagement.Api", "HR.LeaveManagement.Api\HR.LeaveManagement.Api.csproj", "{5E3188BF-25AA-4B6F-96AB-261DB19002A4}"
EndProject
Project("{9A19103F-16F7-4668-BE54-9A1E7A4F7556}") = "HR.LeaveManagement.Application.UnitTests", "HR.LeaveManagement.Application.UnitTests\HR.LeaveManagement.Application.UnitTests.csproj", "{FD4A4475-6FF6-481C-AF0D-B4645229AE3A}"
EndProject
Project("{9A19103F-16F7-4668-BE54-9A1E7A4F7556}") = "HR.LeaveManagement.MVC", "HR.LeaveManagement.MVC\HR.LeaveManagement.MVC.csproj", "{FFDDD3D3-F3F5-4DEC-950A-9E350AAB0EA7}"
EndProject
Project("{FAE04EC0-301F-11D3-BF4B-00C04F79EFBC}") = "HR.LeaveManagement.Identity", "HR.LeaveManagement.Identity\HR.LeaveManagement.Identity.csproj", "{A6A8CA4C-0BF9-4F0A-826B-B25762A32A45}"
EndProject
Global
	GlobalSection(SolutionConfigurationPlatforms) = preSolution
		Debug|Any CPU = Debug|Any CPU
		Release|Any CPU = Release|Any CPU
	EndGlobalSection
	GlobalSection(ProjectConfigurationPlatforms) = postSolution
		{2F3A6B49-9E51-4CB1-90A7-5B52949C3942}.Debug|Any CPU.ActiveCfg = Debug|Any CPU
		{2F3A6B49-9E51-4CB1-90A7-5B52949C3942}.Debug|Any CPU.Build.0 = Debug|Any CPU
		{2F3A6B49-9E51-4CB1-90A7-5B52949C3942}.Release|Any CPU.ActiveCfg = Release|Any CPU
		{2F3A6B49-9E51-4CB1-90A7-5B52949C3942}.Release|Any CPU.Build.0 = Release|Any CPU
		{27B307CC-BCF5-418C-BFA4-3B3479B31D22}.Debug|Any CPU.ActiveCfg = Debug|Any CPU
		{27B307CC-BCF5-418C-BFA4-3B3479B31D22}.Debug|Any CPU.Build.0 = Debug|Any CPU
		{27B307CC-BCF5-418C-BFA4-3B3479B31D22}.Release|Any CPU.ActiveCfg = Release|Any CPU
		{27B307CC-BCF5-418C-BFA4-3B3479B31D22}.Release|Any CPU.Build.0 = Release|Any CPU
		{A3A64417-F97F-469D-8FF9-25E08235FABE}.Debug|Any CPU.ActiveCfg = Debug|Any CPU
		{A3A64417-F97F-469D-8FF9-25E08235FABE}.Debug|Any CPU.Build.0 = Debug|Any CPU
		{A3A64417-F97F-469D-8FF9-25E08235FABE}.Release|Any CPU.ActiveCfg = Release|Any CPU
		{A3A64417-F97F-469D-8FF9-25E08235FABE}.Release|Any CPU.Build.0 = Release|Any CPU
		{64F8656B-1B2A-47C2-A954-D992809AC090}.Debug|Any CPU.ActiveCfg = Debug|Any CPU
		{64F8656B-1B2A-47C2-A954-D992809AC090}.Debug|Any CPU.Build.0 = Debug|Any CPU
		{64F8656B-1B2A-47C2-A954-D992809AC090}.Release|Any CPU.ActiveCfg = Release|Any CPU
		{64F8656B-1B2A-47C2-A954-D992809AC090}.Release|Any CPU.Build.0 = Release|Any CPU
		{5E3188BF-25AA-4B6F-96AB-261DB19002A4}.Debug|Any CPU.ActiveCfg = Debug|Any CPU
		{5E3188BF-25AA-4B6F-96AB-261DB19002A4}.Debug|Any CPU.Build.0 = Debug|Any CPU
		{5E3188BF-25AA-4B6F-96AB-261DB19002A4}.Release|Any CPU.ActiveCfg = Release|Any CPU
		{5E3188BF-25AA-4B6F-96AB-261DB19002A4}.Release|Any CPU.Build.0 = Release|Any CPU
		{FD4A4475-6FF6-481C-AF0D-B4645229AE3A}.Debug|Any CPU.ActiveCfg = Debug|Any CPU
		{FD4A4475-6FF6-481C-AF0D-B4645229AE3A}.Debug|Any CPU.Build.0 = Debug|Any CPU
		{FD4A4475-6FF6-481C-AF0D-B4645229AE3A}.Release|Any CPU.ActiveCfg = Release|Any CPU
		{FD4A4475-6FF6-481C-AF0D-B4645229AE3A}.Release|Any CPU.Build.0 = Release|Any CPU
		{FFDDD3D3-F3F5-4DEC-950A-9E350AAB0EA7}.Debug|Any CPU.ActiveCfg = Debug|Any CPU
		{FFDDD3D3-F3F5-4DEC-950A-9E350AAB0EA7}.Debug|Any CPU.Build.0 = Debug|Any CPU
		{FFDDD3D3-F3F5-4DEC-950A-9E350AAB0EA7}.Release|Any CPU.ActiveCfg = Release|Any CPU
		{FFDDD3D3-F3F5-4DEC-950A-9E350AAB0EA7}.Release|Any CPU.Build.0 = Release|Any CPU
		{A6A8CA4C-0BF9-4F0A-826B-B25762A32A45}.Debug|Any CPU.ActiveCfg = Debug|Any CPU
		{A6A8CA4C-0BF9-4F0A-826B-B25762A32A45}.Debug|Any CPU.Build.0 = Debug|Any CPU
		{A6A8CA4C-0BF9-4F0A-826B-B25762A32A45}.Release|Any CPU.ActiveCfg = Release|Any CPU
		{A6A8CA4C-0BF9-4F0A-826B-B25762A32A45}.Release|Any CPU.Build.0 = Release|Any CPU
	EndGlobalSection
	GlobalSection(SolutionProperties) = preSolution
		HideSolutionNode = FALSE
	EndGlobalSection
	GlobalSection(NestedProjects) = preSolution
		{7B095935-C29F-40E6-AF18-F608FAEE708F} = {5960C4DC-3C96-467E-AAE2-8363BDA83D2E}
		{DE1FFFDC-80B9-4DBE-93E7-CCDBE36CB94A} = {5960C4DC-3C96-467E-AAE2-8363BDA83D2E}
		{BCA88775-1E66-49E1-A12A-12B4216E56B9} = {5960C4DC-3C96-467E-AAE2-8363BDA83D2E}
		{6CB4F36F-A7DC-41C6-AAB9-0ACEB68C256E} = {5960C4DC-3C96-467E-AAE2-8363BDA83D2E}
		{2F3A6B49-9E51-4CB1-90A7-5B52949C3942} = {DE1FFFDC-80B9-4DBE-93E7-CCDBE36CB94A}
		{27B307CC-BCF5-418C-BFA4-3B3479B31D22} = {DE1FFFDC-80B9-4DBE-93E7-CCDBE36CB94A}
		{A3A64417-F97F-469D-8FF9-25E08235FABE} = {BCA88775-1E66-49E1-A12A-12B4216E56B9}
		{64F8656B-1B2A-47C2-A954-D992809AC090} = {BCA88775-1E66-49E1-A12A-12B4216E56B9}
		{5E3188BF-25AA-4B6F-96AB-261DB19002A4} = {7B095935-C29F-40E6-AF18-F608FAEE708F}
		{FD4A4475-6FF6-481C-AF0D-B4645229AE3A} = {DE1031E1-35B1-426D-ADF1-208BA43B75D2}
		{FFDDD3D3-F3F5-4DEC-950A-9E350AAB0EA7} = {6CB4F36F-A7DC-41C6-AAB9-0ACEB68C256E}
		{A6A8CA4C-0BF9-4F0A-826B-B25762A32A45} = {BCA88775-1E66-49E1-A12A-12B4216E56B9}
	EndGlobalSection
	GlobalSection(ExtensibilityGlobals) = postSolution
		SolutionGuid = {F4C8A112-F31F-4102-888B-721363763C60}
	EndGlobalSection
EndGlobal
